{
  "name": "e2e",
  "lockfileVersion": 3,
  "requires": true,
  "packages": {
    "": {
      "dependencies": {
        "pilot": "file:../packages/pilot"
      },
      "devDependencies": {
        "dotenv": "^17.4.1",
        "tinyglobby": "^0.2.16"
      }
    },
    "../packages/pilot": {
      "version": "0.1.0",
      "license": "MIT",
      "dependencies": {
        "@grpc/grpc-js": "^1.12.0",
        "@grpc/proto-loader": "^0.7.13",
        "chokidar": "^4.0.3",
        "fflate": "^0.8.2",
        "glob": "^11.0.0",
        "minimatch": "^10.2.4",
        "open": "^10.2.0",
        "proper-lockfile": "^4.1.2",
        "tsx": "^4.21.0",
        "ws": "^8.20.0"
      },
      "bin": {
        "pilot": "dist/cli.js"
      },
      "devDependencies": {
        "@prefresh/vite": "^2.4.12",
        "@types/node": "^22.0.0",
        "@types/proper-lockfile": "^4.1.4",
        "@types/ws": "^8.18.1",
        "eslint": "^9.0.0",
        "knip": "^5.86.0",
        "lucide-preact": "^1.6.0",
        "preact": "^10.29.0",
        "typescript": "^5.7.0",
        "typescript-eslint": "^8.0.0",
        "vite": "^5.4.21",
        "vite-plugin-singlefile": "^2.3.2",
        "vitest": "^3.0.0"
      },
      "engines": {
        "node": ">=18"
      }
    },
    "node_modules/dotenv": {
      "version": "17.4.1",
      "resolved": "https://registry.npmjs.org/dotenv/-/dotenv-17.4.1.tgz",
      "integrity": "sha512-k8DaKGP6r1G30Lx8V4+pCsLzKr8vLmV2paqEj1Y55GdAgJuIqpRp5FfajGF8KtwMxCz9qJc6wUIJnm053d/WCw==",
      "dev": true,
      "license": "BSD-2-Clause",
      "engines": {
        "node": ">=12"
      },
      "funding": {
        "url": "https://dotenvx.com"
      }
    },
    "node_modules/fdir": {
      "version": "6.5.0",
      "resolved": "https://registry.npmjs.org/fdir/-/fdir-6.5.0.tgz",
      "integrity": "sha512-tIbYtZbucOs0BRGqPJkshJUYdL+SDH7dVM8gjy+ERp3WAUjLEFJE+02kanyHtwjWOnwrKYBiwAmM0p4kLJAnXg==",
      "dev": true,
      "license": "MIT",
      "engines": {
        "node": ">=12.0.0"
      },
      "peerDependencies": {
        "picomatch": "^3 || ^4"
      },
      "peerDependenciesMeta": {
        "picomatch": {
          "optional": true
        }
      }
    },
    "node_modules/picomatch": {
      "version": "4.0.4",
      "resolved": "https://registry.npmjs.org/picomatch/-/picomatch-4.0.4.tgz",
      "integrity": "sha512-QP88BAKvMam/3NxH6vj2o21R6MjxZUAd6nlwAS/pnGvN9IVLocLHxGYIzFhg6fUQ+5th6P4dv4eW9jX3DSIj7A==",
      "dev": true,
      "license": "MIT",
      "peer": true,
      "engines": {
        "node": ">=12"
      },
      "funding": {
        "url": "https://github.com/sponsors/jonschlinkert"
      }
    },
    "node_modules/pilot": {
      "resolved": "../packages/pilot",
      "link": true
    },
    "node_modules/tinyglobby": {
      "version": "0.2.16",
      "resolved": "https://registry.npmjs.org/tinyglobby/-/tinyglobby-0.2.16.tgz",
      "integrity": "sha512-pn99VhoACYR8nFHhxqix+uvsbXineAasWm5ojXoN8xEwK5Kd3/TrhNn1wByuD52UxWRLy8pu+kRMniEi6Eq9Zg==",
      "dev": true,
      "license": "MIT",
      "dependencies": {
        "fdir": "^6.5.0",
        "picomatch": "^4.0.4"
      },
      "engines": {
        "node": ">=12.0.0"
      },
      "funding": {
        "url": "https://github.com/sponsors/SuperchupuDev"
      }
    }
  }
}
